// !$*UTF8*$!
{
	archiveVersion = 1;
	classes = {
	};
	objectVersion = 46;
	objects = {

/* Begin PBXBuildFile section */
		1FBF542B1CB8B057000954FB /* AppDelegate.swift in Sources */ = {isa = PBXBuildFile; fileRef = 1FBF542A1CB8B057000954FB /* AppDelegate.swift */; };
		1FBF542D1CB8B057000954FB /* ViewController.swift in Sources */ = {isa = PBXBuildFile; fileRef = 1FBF542C1CB8B057000954FB /* ViewController.swift */; };
		1FBF54301CB8B057000954FB /* Main.storyboard in Resources */ = {isa = PBXBuildFile; fileRef = 1FBF542E1CB8B057000954FB /* Main.storyboard */; };
		1FBF54321CB8B057000954FB /* Assets.xcassets in Resources */ = {isa = PBXBuildFile; fileRef = 1FBF54311CB8B057000954FB /* Assets.xcassets */; };
		1FBF54351CB8B057000954FB /* LaunchScreen.storyboard in Resources */ = {isa = PBXBuildFile; fileRef = 1FBF54331CB8B057000954FB /* LaunchScreen.storyboard */; };
		1FBF543E1CB8B13B000954FB /* alarm_image.jpg in Resources */ = {isa = PBXBuildFile; fileRef = 1FBF543D1CB8B13B000954FB /* alarm_image.jpg */; };
		1FBF54401CB8B155000954FB /* alarm_sound.mp3 in Resources */ = {isa = PBXBuildFile; fileRef = 1FBF543F1CB8B155000954FB /* alarm_sound.mp3 */; };
		1FBF54461CB8EC0C000954FB /* SourceFile.swift in Sources */ = {isa = PBXBuildFile; fileRef = 1FBF54451CB8EC0C000954FB /* SourceFile.swift */; };
/* End PBXBuildFile section */

/* Begin PBXFileReference section */
		1FBF54271CB8B057000954FB /* Alarm.app */ = {isa = PBXFileReference; explicitFileType = wrapper.application; includeInIndex = 0; path = Alarm.app; sourceTree = BUILT_PRODUCTS_DIR; };
		1FBF542A1CB8B057000954FB /* AppDelegate.swift */ = {isa = PBXFileReference; lastKnownFileType = sourcecode.swift; path = AppDelegate.swift; sourceTree = "<group>"; };
		1FBF542C1CB8B057000954FB /* ViewController.swift */ = {isa = PBXFileReference; lastKnownFileType = sourcecode.swift; path = ViewController.swift; sourceTree = "<group>"; };
		1FBF542F1CB8B057000954FB /* Base */ = {isa = PBXFileReference; lastKnownFileType = file.storyboard; name = Base; path = Base.lproj/Main.storyboard; sourceTree = "<group>"; };
		1FBF54311CB8B057000954FB /* Assets.xcassets */ = {isa = PBXFileReference; lastKnownFileType = folder.assetcatalog; path = Assets.xcassets; sourceTree = "<group>"; };
		1FBF54341CB8B057000954FB /* Base */ = {isa = PBXFileReference; lastKnownFileType = file.storyboard; name = Base; path = Base.lproj/LaunchScreen.storyboard; sourceTree = "<group>"; };
		1FBF54361CB8B057000954FB /* Info.plist */ = {isa = PBXFileReference; lastKnownFileType = text.plist.xml; path = Info.plist; sourceTree = "<group>"; };
		1FBF543D1CB8B13B000954FB /* alarm_image.jpg */ = {isa = PBXFileReference; lastKnownFileType = image.jpeg; name = alarm_image.jpg; path = ../../../alarm_image.jpg; sourceTree = "<group>"; };
		1FBF543F1CB8B155000954FB /* alarm_sound.mp3 */ = {isa = PBXFileReference; lastKnownFileType = audio.mp3; name = alarm_sound.mp3; path = ../../../../Downloads/alarm_sound.mp3; sourceTree = "<group>"; };
		1FBF54451CB8EC0C000954FB /* SourceFile.swift */ = {isa = PBXFileReference; fileEncoding = 4; lastKnownFileType = sourcecode.swift; path = SourceFile.swift; sourceTree = "<group>"; };
/* End PBXFileReference section */

/* Begin PBXFrameworksBuildPhase section */
		1FBF54241CB8B057000954FB /* Frameworks */ = {
			isa = PBXFrameworksBuildPhase;
			buildActionMask = 2147483647;
			files = (
			);
			runOnlyForDeploymentPostprocessing = 0;
		};
/* End PBXFrameworksBuildPhase section */

/* Begin PBXGroup section */
		1FBF541E1CB8B056000954FB = {
			isa = PBXGroup;
			children = (
				1FBF54291CB8B057000954FB /* Alarm */,
				1FBF54281CB8B057000954FB /* Products */,
			);
			sourceTree = "<group>";
		};
		1FBF54281CB8B057000954FB /* Products */ = {
			isa = PBXGroup;
			children = (
				1FBF54271CB8B057000954FB /* Alarm.app */,
			);
			name = Products;
			sourceTree = "<group>";
		};
		1FBF54291CB8B057000954FB /* Alarm */ = {
			isa = PBXGroup;
			children = (
				1FBF54451CB8EC0C000954FB /* SourceFile.swift */,
				1FBF542A1CB8B057000954FB /* AppDelegate.swift */,
				1FBF542C1CB8B057000954FB /* ViewController.swift */,
				1FBF542E1CB8B057000954FB /* Main.storyboard */,
				1FBF54311CB8B057000954FB /* Assets.xcassets */,
				1FBF54331CB8B057000954FB /* LaunchScreen.storyboard */,
				1FBF54361CB8B057000954FB /* Info.plist */,
				1FBF543C1CB8B11E000954FB /* supporting files */,
			);
			path = Alarm;
			sourceTree = "<group>";
		};
		1FBF543C1CB8B11E000954FB /* supporting files */ = {
			isa = PBXGroup;
			children = (
				1FBF543F1CB8B155000954FB /* alarm_sound.mp3 */,
				1FBF543D1CB8B13B000954FB /* alarm_image.jpg */,
			);
			name = "supporting files";
			sourceTree = "<group>";
		};
/* End PBXGroup section */

/* Begin PBXNativeTarget section */
		1FBF54261CB8B057000954FB /* Alarm */ = {
			isa = PBXNativeTarget;
			buildConfigurationList = 1FBF54391CB8B057000954FB /* Build configuration list for PBXNativeTarget "Alarm" */;
			buildPhases = (
				1FBF54231CB8B057000954FB /* Sources */,
				1FBF54241CB8B057000954FB /* Frameworks */,
				1FBF54251CB8B057000954FB /* Resources */,
			);
			buildRules = (
			);
			dependencies = (
			);
			name = Alarm;
			productName = Alarm;
			productReference = 1FBF54271CB8B057000954FB /* Alarm.app */;
			productType = "com.apple.product-type.application";
		};
/* End PBXNativeTarget section */

/* Begin PBXProject section */
		1FBF541F1CB8B057000954FB /* Project object */ = {
			isa = PBXProject;
			attributes = {
				LastSwiftUpdateCheck = 0730;
				LastUpgradeCheck = 0730;
				ORGANIZATIONNAME = "Vanessa Ng";
				TargetAttributes = {
					1FBF54261CB8B057000954FB = {
						CreatedOnToolsVersion = 7.3;
						DevelopmentTeam = LD46697T67;
					};
				};
			};
			buildConfigurationList = 1FBF54221CB8B057000954FB /* Build configuration list for PBXProject "Alarm" */;
			compatibilityVersion = "Xcode 3.2";
			developmentRegion = English;
			hasScannedForEncodings = 0;
			knownRegions = (
				en,
				Base,
			);
			mainGroup = 1FBF541E1CB8B056000954FB;
			productRefGroup = 1FBF54281CB8B057000954FB /* Products */;
			projectDirPath = "";
			projectRoot = "";
			targets = (
				1FBF54261CB8B057000954FB /* Alarm */,
			);
		};
/* End PBXProject section */

/* Begin PBXResourcesBuildPhase section */
		1FBF54251CB8B057000954FB /* Resources */ = {
			isa = PBXResourcesBuildPhase;
			buildActionMask = 2147483647;
			files = (
				1FBF54351CB8B057000954FB /* LaunchScreen.storyboard in Resources */,
				1FBF54401CB8B155000954FB /* alarm_sound.mp3 in Resources */,
				1FBF543E1CB8B13B000954FB /* alarm_image.jpg in Resources */,
				1FBF54321CB8B057000954FB /* Assets.xcassets in Resources */,
				1FBF54301CB8B057000954FB /* Main.storyboard in Resources */,
			);
			runOnlyForDeploymentPostprocessing = 0;
		};
/* End PBXResourcesBuildPhase section */

/* Begin PBXSourcesBuildPhase section */
		1FBF54231CB8B057000954FB /* Sources */ = {
			isa = PBXSourcesBuildPhase;
			buildActionMask = 2147483647;
			files = (
				1FBF54461CB8EC0C000954FB /* SourceFile.swift in Sources */,
				1FBF542D1CB8B057000954FB /* ViewController.swift in Sources */,
				1FBF542B1CB8B057000954FB /* AppDelegate.swift in Sources */,
			);
			runOnlyForDeploymentPostprocessing = 0;
		};
/* End PBXSourcesBuildPhase section */

/* Begin PBXVariantGroup section */
		1FBF542E1CB8B057000954FB /* Main.storyboard */ = {
			isa = PBXVariantGroup;
			children = (
				1FBF542F1CB8B057000954FB /* Base */,
			);
			name = Main.storyboard;
			sourceTree = "<group>";
		};
		1FBF54331CB8B057000954FB /* LaunchScreen.storyboard */ = {
			isa = PBXVariantGroup;
			children = (
				1FBF54341CB8B057000954FB /* Base */,
			);
			name = LaunchScreen.storyboard;
			sourceTree = "<group>";
		};
/* End PBXVariantGroup section */

/* Begin XCBuildConfiguration section */
		1FBF54371CB8B057000954FB /* Debug */ = {
			isa = XCBuildConfiguration;
			buildSettings = {
				ALWAYS_SEARCH_USER_PATHS = NO;
				CLANG_ANALYZER_NONNULL = YES;
				CLANG_CXX_LANGUAGE_STANDARD = "gnu++0x";
				CLANG_CXX_LIBRARY = "libc++";
				CLANG_ENABLE_MODULES = YES;
				CLANG_ENABLE_OBJC_ARC = YES;
				CLANG_WARN_BOOL_CONVERSION = YES;
				CLANG_WARN_CONSTANT_CONVERSION = YES;
				CLANG_WARN_DIRECT_OBJC_ISA_USAGE = YES_ERROR;
				CLANG_WARN_EMPTY_BODY = YES;
				CLANG_WARN_ENUM_CONVERSION = YES;
				CLANG_WARN_INT_CONVERSION = YES;
				CLANG_WARN_OBJC_ROOT_CLASS = YES_ERROR;
				CLANG_WARN_UNREACHABLE_CODE = YES;
				CLANG_WARN__DUPLICATE_METHOD_MATCH = YES;
				"CODE_SIGN_IDENTITY[sdk=iphoneos*]" = "iPhone Developer";
				COPY_PHASE_STRIP = NO;
				DEBUG_INFORMATION_FORMAT = dwarf;
				ENABLE_STRICT_OBJC_MSGSEND = YES;
				ENABLE_TESTABILITY = YES;
				GCC_C_LANGUAGE_STANDARD = gnu99;
				GCC_DYNAMIC_NO_PIC = NO;
				GCC_NO_COMMON_BLOCKS = YES;
				GCC_OPTIMIZATION_LEVEL = 0;
				GCC_PREPROCESSOR_DEFINITIONS = (
					"DEBUG=1",
					"$(inherited)",
				);
				GCC_WARN_64_TO_32_BIT_CONVERSION = YES;
				GCC_WARN_ABOUT_RETURN_TYPE = YES_ERROR;
				GCC_WARN_UNDECLARED_SELECTOR = YES;
				GCC_WARN_UNINITIALIZED_AUTOS = YES_AGGRESSIVE;
				GCC_WARN_UNUSED_FUNCTION = YES;
				GCC_WARN_UNUSED_VARIABLE = YES;
				IPHONEOS_DEPLOYMENT_TARGET = 9.3;
				MTL_ENABLE_DEBUG_INFO = YES;
				ONLY_ACTIVE_ARCH = YES;
				SDKROOT = iphoneos;
				SWIFT_OPTIMIZATION_LEVEL = "-Onone";
				TARGETED_DEVICE_FAMILY = "1,2";
			};
			name = Debug;
		};
		1FBF54381CB8B057000954FB /* Release */ = {
			isa = XCBuildConfiguration;
			buildSettings = {
				ALWAYS_SEARCH_USER_PATHS = NO;
				CLANG_ANALYZER_NONNULL = YES;
				CLANG_CXX_LANGUAGE_STANDARD = "gnu++0x";
				CLANG_CXX_LIBRARY = "libc++";
				CLANG_ENABLE_MODULES = YES;
				CLANG_ENABLE_OBJC_ARC = YES;
				CLANG_WARN_BOOL_CONVERSION = YES;
				CLANG_WARN_CONSTANT_CONVERSION = YES;
				CLANG_WARN_DIRECT_OBJC_ISA_USAGE = YES_ERROR;
				CLANG_WARN_EMPTY_BODY = YES;
				CLANG_WARN_ENUM_CONVERSION = YES;
				CLANG_WARN_INT_CONVERSION = YES;
				CLANG_WARN_OBJC_ROOT_CLASS = YES_ERROR;
				CLANG_WARN_UNREACHABLE_CODE = YES;
				CLANG_WARN__DUPLICATE_METHOD_MATCH = YES;
				"CODE_SIGN_IDENTITY[sdk=iphoneos*]" = "iPhone Developer";
				COPY_PHASE_STRIP = NO;
				DEBUG_INFORMATION_FORMAT = "dwarf-with-dsym";
				ENABLE_NS_ASSERTIONS = NO;
				ENABLE_STRICT_OBJC_MSGSEND = YES;
				GCC_C_LANGUAGE_STANDARD = gnu99;
				GCC_NO_COMMON_BLOCKS = YES;
				GCC_WARN_64_TO_32_BIT_CONVERSION = YES;
				GCC_WARN_ABOUT_RETURN_TYPE = YES_ERROR;
				GCC_WARN_UNDECLARED_SELECTOR = YES;
				GCC_WARN_UNINITIALIZED_AUTOS = YES_AGGRESSIVE;
				GCC_WARN_UNUSED_FUNCTION = YES;
				GCC_WARN_UNUSED_VARIABLE = YES;
				IPHONEOS_DEPLOYMENT_TARGET = 9.3;
				MTL_ENABLE_DEBUG_INFO = NO;
				SDKROOT = iphoneos;
				TARGETED_DEVICE_FAMILY = "1,2";
				VALIDATE_PRODUCT = YES;
			};
			name = Release;
		};
		1FBF543A1CB8B057000954FB /* Debug */ = {
			isa = XCBuildConfiguration;
			buildSettings = {
				ASSETCATALOG_COMPILER_APPICON_NAME = AppIcon;
				CODE_SIGN_IDENTITY = "iPhone Developer";
				"CODE_SIGN_IDENTITY[sdk=iphoneos*]" = "iPhone Developer";
				INFOPLIST_FILE = Alarm/Info.plist;
				LD_RUNPATH_SEARCH_PATHS = "$(inherited) @executable_path/Frameworks";
				PRODUCT_BUNDLE_IDENTIFIER = Nothing.Alarm;
				PRODUCT_NAME = "$(TARGET_NAME)";
				PROVISIONING_PROFILE = "";
			};
			name = Debug;
		};
		1FBF543B1CB8B057000954FB /* Release */ = {
			isa = XCBuildConfiguration;
			buildSettings = {
				ASSETCATALOG_COMPILER_APPICON_NAME = AppIcon;
				CODE_SIGN_IDENTITY = "iPhone Developer";
				"CODE_SIGN_IDENTITY[sdk=iphoneos*]" = "iPhone Developer";
				INFOPLIST_FILE = Alarm/Info.plist;
				LD_RUNPATH_SEARCH_PATHS = "$(inherited) @executable_path/Frameworks";
				PRODUCT_BUNDLE_IDENTIFIER = Nothing.Alarm;
				PRODUCT_NAME = "$(TARGET_NAME)";
				PROVISIONING_PROFILE = "";
			};
			name = Release;
		};
/* End XCBuildConfiguration section */

/* Begin XCConfigurationList section */
		1FBF54221CB8B057000954FB /* Build configuration list for PBXProject "Alarm" */ = {
			isa = XCConfigurationList;
			buildConfigurations = (
				1FBF54371CB8B057000954FB /* Debug */,
				1FBF54381CB8B057000954FB /* Release */,
			);
			defaultConfigurationIsVisible = 0;
			defaultConfigurationName = Release;
		};
		1FBF54391CB8B057000954FB /* Build configuration list for PBXNativeTarget "Alarm" */ = {
			isa = XCConfigurationList;
			buildConfigurations = (
				1FBF543A1CB8B057000954FB /* Debug */,
				1FBF543B1CB8B057000954FB /* Release */,
			);
			defaultConfigurationIsVisible = 0;
		};
/* End XCConfigurationList section */
	};
	rootObject = 1FBF541F1CB8B057000954FB /* Project object */;
}
